
Microsoft Visual Studio Solution File, Format Version 12.00
# Visual Studio Version 17
VisualStudioVersion = 17.0.32112.339
MinimumVisualStudioVersion = 15.0.26124.0
Project("{9A19103F-16F7-4668-BE54-9A1E7A4F7556}") = "Core", "src\Core\Core.csproj", "{373EF820-2DBF-4593-867C-7CFA865EDD9E}"
EndProject
Project("{9A19103F-16F7-4668-BE54-9A1E7A4F7556}") = "CCC", "src\CCC\CCC.csproj", "{26B5ABED-7267-485F-AD49-4A374B5052FE}"
EndProject
Project("{9A19103F-16F7-4668-BE54-9A1E7A4F7556}") = "Protocol", "src\Protocol\Protocol.csproj", "{B43930F7-7AAB-4AED-A0C1-19AC909E62BE}"
EndProject
Project("{2150E333-8FDC-42A3-9474-1A3956D46DE8}") = "Device", "Device", "{D2A3A8C0-DAB8-11EA-A010-F5AA418F3650}"
EndProject
Project("{9A19103F-16F7-4668-BE54-9A1E7A4F7556}") = "Contract", "src\Contract\Contract.csproj", "{49FB00C7-F47C-47E1-B574-54AFC7E004C4}"
EndProject
Project("{2150E333-8FDC-42A3-9474-1A3956D46DE8}") = "Driver", "Driver", "{0F1DCD59-4464-47AF-84EA-9019B72900EC}"
EndProject
Project("{2150E333-8FDC-42A3-9474-1A3956D46DE8}") = "Receiver", "Receiver", "{F27F7124-B389-47EC-B2FD-02AB45D8E55A}"
EndProject
Project("{2150E333-8FDC-42A3-9474-1A3956D46DE8}") = "RadioSuppressing", "RadioSuppressing", "{20565F0D-0F0E-4D59-89F7-B1C13BDAD788}"
EndProject
Project("{9A19103F-16F7-4668-BE54-9A1E7A4F7556}") = "Magneto", "src\Magneto\Magneto.csproj", "{65032B65-52EE-4D96-959B-F0A460EB8BC1}"
EndProject
Project("{9A19103F-16F7-4668-BE54-9A1E7A4F7556}") = "UavDef", "src\Driver\UavDef\UavDef.csproj", "{077E2250-C0B0-48F5-8000-F9C5B32DF3FB}"
EndProject
Project("{9A19103F-16F7-4668-BE54-9A1E7A4F7556}") = "RxDrone", "src\Device\Receiver\RxDrone\RxDrone.csproj", "{6B5FD553-2AB5-4CA0-BC7C-9E5FBBAE1085}"
EndProject
Project("{9A19103F-16F7-4668-BE54-9A1E7A4F7556}") = "Nvt", "src\Device\Recognizer\Nvt\Nvt.csproj", "{300B92D3-9259-4B22-9EF6-ED66E602070F}"
EndProject
Project("{2150E333-8FDC-42A3-9474-1A3956D46DE8}") = "Recognizer", "Recognizer", "{ECEBFFCC-2B39-49D3-A9EB-A5691A3D19A3}"
EndProject
Project("{2150E333-8FDC-42A3-9474-1A3956D46DE8}") = "Radar", "Radar", "{0CC47E0C-AB90-4029-B4E6-80AF72719924}"
EndProject
Project("{9A19103F-16F7-4668-BE54-9A1E7A4F7556}") = "Radar", "src\Device\Radar\Radar\Radar.csproj", "{26F907DF-78D7-4CC1-A957-E0AD7A686C04}"
EndProject
Project("{9A19103F-16F7-4668-BE54-9A1E7A4F7556}") = "Jdq", "src\Device\RadioSuppressing\Jdq\Jdq.csproj", "{E6BC622A-F1A7-4325-974C-872AD9F8E979}"
EndProject
Project("{9A19103F-16F7-4668-BE54-9A1E7A4F7556}") = "Wolverine", "src\Device\Receiver\Wolverine\Wolverine.csproj", "{2B358455-ECFD-4162-9D88-C1FB2B612565}"
EndProject
Project("{9A19103F-16F7-4668-BE54-9A1E7A4F7556}") = "NSIC", "src\Driver\NSIC\NSIC.csproj", "{EB6D524F-6C67-4FE5-80F8-6C47B6D221C1}"
EndProject
Project("{9A19103F-16F7-4668-BE54-9A1E7A4F7556}") = "FixFQ", "src\Driver\FixFQ\FixFQ.csproj", "{710BAA25-041A-43A5-87B9-43457B58A8E3}"
EndProject
Project("{9A19103F-16F7-4668-BE54-9A1E7A4F7556}") = "DemoReceiver", "src\Device\Receiver\DemoReceiver\DemoReceiver.csproj", "{12E3CAA0-A212-4386-BBF0-C09A3B972524}"
EndProject
Global
	GlobalSection(SolutionConfigurationPlatforms) = preSolution
		Debug|Any CPU = Debug|Any CPU
		Debug|x64 = Debug|x64
		Debug|x86 = Debug|x86
		Release|Any CPU = Release|Any CPU
		Release|x64 = Release|x64
		Release|x86 = Release|x86
	EndGlobalSection
	GlobalSection(ProjectConfigurationPlatforms) = postSolution
		{373EF820-2DBF-4593-867C-7CFA865EDD9E}.Debug|Any CPU.ActiveCfg = Debug|Any CPU
		{373EF820-2DBF-4593-867C-7CFA865EDD9E}.Debug|Any CPU.Build.0 = Debug|Any CPU
		{373EF820-2DBF-4593-867C-7CFA865EDD9E}.Debug|x64.ActiveCfg = Debug|Any CPU
		{373EF820-2DBF-4593-867C-7CFA865EDD9E}.Debug|x64.Build.0 = Debug|Any CPU
		{373EF820-2DBF-4593-867C-7CFA865EDD9E}.Debug|x86.ActiveCfg = Debug|Any CPU
		{373EF820-2DBF-4593-867C-7CFA865EDD9E}.Debug|x86.Build.0 = Debug|Any CPU
		{373EF820-2DBF-4593-867C-7CFA865EDD9E}.Release|Any CPU.ActiveCfg = Release|Any CPU
		{373EF820-2DBF-4593-867C-7CFA865EDD9E}.Release|Any CPU.Build.0 = Release|Any CPU
		{373EF820-2DBF-4593-867C-7CFA865EDD9E}.Release|x64.ActiveCfg = Release|Any CPU
		{373EF820-2DBF-4593-867C-7CFA865EDD9E}.Release|x64.Build.0 = Release|Any CPU
		{373EF820-2DBF-4593-867C-7CFA865EDD9E}.Release|x86.ActiveCfg = Release|Any CPU
		{373EF820-2DBF-4593-867C-7CFA865EDD9E}.Release|x86.Build.0 = Release|Any CPU
		{26B5ABED-7267-485F-AD49-4A374B5052FE}.Debug|Any CPU.ActiveCfg = Debug|Any CPU
		{26B5ABED-7267-485F-AD49-4A374B5052FE}.Debug|Any CPU.Build.0 = Debug|Any CPU
		{26B5ABED-7267-485F-AD49-4A374B5052FE}.Debug|x64.ActiveCfg = Debug|Any CPU
		{26B5ABED-7267-485F-AD49-4A374B5052FE}.Debug|x64.Build.0 = Debug|Any CPU
		{26B5ABED-7267-485F-AD49-4A374B5052FE}.Debug|x86.ActiveCfg = Debug|Any CPU
		{26B5ABED-7267-485F-AD49-4A374B5052FE}.Debug|x86.Build.0 = Debug|Any CPU
		{26B5ABED-7267-485F-AD49-4A374B5052FE}.Release|Any CPU.ActiveCfg = Release|Any CPU
		{26B5ABED-7267-485F-AD49-4A374B5052FE}.Release|Any CPU.Build.0 = Release|Any CPU
		{26B5ABED-7267-485F-AD49-4A374B5052FE}.Release|x64.ActiveCfg = Release|Any CPU
		{26B5ABED-7267-485F-AD49-4A374B5052FE}.Release|x64.Build.0 = Release|Any CPU
		{26B5ABED-7267-485F-AD49-4A374B5052FE}.Release|x86.ActiveCfg = Release|Any CPU
		{26B5ABED-7267-485F-AD49-4A374B5052FE}.Release|x86.Build.0 = Release|Any CPU
		{B43930F7-7AAB-4AED-A0C1-19AC909E62BE}.Debug|Any CPU.ActiveCfg = Debug|Any CPU
		{B43930F7-7AAB-4AED-A0C1-19AC909E62BE}.Debug|Any CPU.Build.0 = Debug|Any CPU
		{B43930F7-7AAB-4AED-A0C1-19AC909E62BE}.Debug|x64.ActiveCfg = Debug|Any CPU
		{B43930F7-7AAB-4AED-A0C1-19AC909E62BE}.Debug|x64.Build.0 = Debug|Any CPU
		{B43930F7-7AAB-4AED-A0C1-19AC909E62BE}.Debug|x86.ActiveCfg = Debug|Any CPU
		{B43930F7-7AAB-4AED-A0C1-19AC909E62BE}.Debug|x86.Build.0 = Debug|Any CPU
		{B43930F7-7AAB-4AED-A0C1-19AC909E62BE}.Release|Any CPU.ActiveCfg = Release|Any CPU
		{B43930F7-7AAB-4AED-A0C1-19AC909E62BE}.Release|Any CPU.Build.0 = Release|Any CPU
		{B43930F7-7AAB-4AED-A0C1-19AC909E62BE}.Release|x64.ActiveCfg = Release|Any CPU
		{B43930F7-7AAB-4AED-A0C1-19AC909E62BE}.Release|x64.Build.0 = Release|Any CPU
		{B43930F7-7AAB-4AED-A0C1-19AC909E62BE}.Release|x86.ActiveCfg = Release|Any CPU
		{B43930F7-7AAB-4AED-A0C1-19AC909E62BE}.Release|x86.Build.0 = Release|Any CPU
		{49FB00C7-F47C-47E1-B574-54AFC7E004C4}.Debug|Any CPU.ActiveCfg = Debug|Any CPU
		{49FB00C7-F47C-47E1-B574-54AFC7E004C4}.Debug|Any CPU.Build.0 = Debug|Any CPU
		{49FB00C7-F47C-47E1-B574-54AFC7E004C4}.Debug|x64.ActiveCfg = Debug|Any CPU
		{49FB00C7-F47C-47E1-B574-54AFC7E004C4}.Debug|x64.Build.0 = Debug|Any CPU
		{49FB00C7-F47C-47E1-B574-54AFC7E004C4}.Debug|x86.ActiveCfg = Debug|Any CPU
		{49FB00C7-F47C-47E1-B574-54AFC7E004C4}.Debug|x86.Build.0 = Debug|Any CPU
		{49FB00C7-F47C-47E1-B574-54AFC7E004C4}.Release|Any CPU.ActiveCfg = Release|Any CPU
		{49FB00C7-F47C-47E1-B574-54AFC7E004C4}.Release|Any CPU.Build.0 = Release|Any CPU
		{49FB00C7-F47C-47E1-B574-54AFC7E004C4}.Release|x64.ActiveCfg = Release|Any CPU
		{49FB00C7-F47C-47E1-B574-54AFC7E004C4}.Release|x64.Build.0 = Release|Any CPU
		{49FB00C7-F47C-47E1-B574-54AFC7E004C4}.Release|x86.ActiveCfg = Release|Any CPU
		{49FB00C7-F47C-47E1-B574-54AFC7E004C4}.Release|x86.Build.0 = Release|Any CPU
		{65032B65-52EE-4D96-959B-F0A460EB8BC1}.Debug|Any CPU.ActiveCfg = Debug|Any CPU
		{65032B65-52EE-4D96-959B-F0A460EB8BC1}.Debug|Any CPU.Build.0 = Debug|Any CPU
		{65032B65-52EE-4D96-959B-F0A460EB8BC1}.Debug|x64.ActiveCfg = Debug|Any CPU
		{65032B65-52EE-4D96-959B-F0A460EB8BC1}.Debug|x64.Build.0 = Debug|Any CPU
		{65032B65-52EE-4D96-959B-F0A460EB8BC1}.Debug|x86.ActiveCfg = Debug|Any CPU
		{65032B65-52EE-4D96-959B-F0A460EB8BC1}.Debug|x86.Build.0 = Debug|Any CPU
		{65032B65-52EE-4D96-959B-F0A460EB8BC1}.Release|Any CPU.ActiveCfg = Release|Any CPU
		{65032B65-52EE-4D96-959B-F0A460EB8BC1}.Release|Any CPU.Build.0 = Release|Any CPU
		{65032B65-52EE-4D96-959B-F0A460EB8BC1}.Release|x64.ActiveCfg = Release|Any CPU
		{65032B65-52EE-4D96-959B-F0A460EB8BC1}.Release|x64.Build.0 = Release|Any CPU
		{65032B65-52EE-4D96-959B-F0A460EB8BC1}.Release|x86.ActiveCfg = Release|Any CPU
		{65032B65-52EE-4D96-959B-F0A460EB8BC1}.Release|x86.Build.0 = Release|Any CPU
		{077E2250-C0B0-48F5-8000-F9C5B32DF3FB}.Debug|Any CPU.ActiveCfg = Debug|Any CPU
		{077E2250-C0B0-48F5-8000-F9C5B32DF3FB}.Debug|Any CPU.Build.0 = Debug|Any CPU
		{077E2250-C0B0-48F5-8000-F9C5B32DF3FB}.Debug|x64.ActiveCfg = Debug|Any CPU
		{077E2250-C0B0-48F5-8000-F9C5B32DF3FB}.Debug|x64.Build.0 = Debug|Any CPU
		{077E2250-C0B0-48F5-8000-F9C5B32DF3FB}.Debug|x86.ActiveCfg = Debug|Any CPU
		{077E2250-C0B0-48F5-8000-F9C5B32DF3FB}.Debug|x86.Build.0 = Debug|Any CPU
		{077E2250-C0B0-48F5-8000-F9C5B32DF3FB}.Release|Any CPU.ActiveCfg = Release|Any CPU
		{077E2250-C0B0-48F5-8000-F9C5B32DF3FB}.Release|Any CPU.Build.0 = Release|Any CPU
		{077E2250-C0B0-48F5-8000-F9C5B32DF3FB}.Release|x64.ActiveCfg = Release|Any CPU
		{077E2250-C0B0-48F5-8000-F9C5B32DF3FB}.Release|x64.Build.0 = Release|Any CPU
		{077E2250-C0B0-48F5-8000-F9C5B32DF3FB}.Release|x86.ActiveCfg = Release|Any CPU
		{077E2250-C0B0-48F5-8000-F9C5B32DF3FB}.Release|x86.Build.0 = Release|Any CPU
		{6B5FD553-2AB5-4CA0-BC7C-9E5FBBAE1085}.Debug|Any CPU.ActiveCfg = Debug|Any CPU
		{6B5FD553-2AB5-4CA0-BC7C-9E5FBBAE1085}.Debug|Any CPU.Build.0 = Debug|Any CPU
		{6B5FD553-2AB5-4CA0-BC7C-9E5FBBAE1085}.Debug|x64.ActiveCfg = Debug|Any CPU
		{6B5FD553-2AB5-4CA0-BC7C-9E5FBBAE1085}.Debug|x64.Build.0 = Debug|Any CPU
		{6B5FD553-2AB5-4CA0-BC7C-9E5FBBAE1085}.Debug|x86.ActiveCfg = Debug|Any CPU
		{6B5FD553-2AB5-4CA0-BC7C-9E5FBBAE1085}.Debug|x86.Build.0 = Debug|Any CPU
		{6B5FD553-2AB5-4CA0-BC7C-9E5FBBAE1085}.Release|Any CPU.ActiveCfg = Release|Any CPU
		{6B5FD553-2AB5-4CA0-BC7C-9E5FBBAE1085}.Release|Any CPU.Build.0 = Release|Any CPU
		{6B5FD553-2AB5-4CA0-BC7C-9E5FBBAE1085}.Release|x64.ActiveCfg = Release|Any CPU
		{6B5FD553-2AB5-4CA0-BC7C-9E5FBBAE1085}.Release|x64.Build.0 = Release|Any CPU
		{6B5FD553-2AB5-4CA0-BC7C-9E5FBBAE1085}.Release|x86.ActiveCfg = Release|Any CPU
		{6B5FD553-2AB5-4CA0-BC7C-9E5FBBAE1085}.Release|x86.Build.0 = Release|Any CPU
		{300B92D3-9259-4B22-9EF6-ED66E602070F}.Debug|Any CPU.ActiveCfg = Debug|Any CPU
		{300B92D3-9259-4B22-9EF6-ED66E602070F}.Debug|Any CPU.Build.0 = Debug|Any CPU
		{300B92D3-9259-4B22-9EF6-ED66E602070F}.Debug|x64.ActiveCfg = Debug|Any CPU
		{300B92D3-9259-4B22-9EF6-ED66E602070F}.Debug|x64.Build.0 = Debug|Any CPU
		{300B92D3-9259-4B22-9EF6-ED66E602070F}.Debug|x86.ActiveCfg = Debug|Any CPU
		{300B92D3-9259-4B22-9EF6-ED66E602070F}.Debug|x86.Build.0 = Debug|Any CPU
		{300B92D3-9259-4B22-9EF6-ED66E602070F}.Release|Any CPU.ActiveCfg = Release|Any CPU
		{300B92D3-9259-4B22-9EF6-ED66E602070F}.Release|Any CPU.Build.0 = Release|Any CPU
		{300B92D3-9259-4B22-9EF6-ED66E602070F}.Release|x64.ActiveCfg = Release|Any CPU
		{300B92D3-9259-4B22-9EF6-ED66E602070F}.Release|x64.Build.0 = Release|Any CPU
		{300B92D3-9259-4B22-9EF6-ED66E602070F}.Release|x86.ActiveCfg = Release|Any CPU
		{300B92D3-9259-4B22-9EF6-ED66E602070F}.Release|x86.Build.0 = Release|Any CPU
		{26F907DF-78D7-4CC1-A957-E0AD7A686C04}.Debug|Any CPU.ActiveCfg = Debug|Any CPU
		{26F907DF-78D7-4CC1-A957-E0AD7A686C04}.Debug|Any CPU.Build.0 = Debug|Any CPU
		{26F907DF-78D7-4CC1-A957-E0AD7A686C04}.Debug|x64.ActiveCfg = Debug|Any CPU
		{26F907DF-78D7-4CC1-A957-E0AD7A686C04}.Debug|x64.Build.0 = Debug|Any CPU
		{26F907DF-78D7-4CC1-A957-E0AD7A686C04}.Debug|x86.ActiveCfg = Debug|Any CPU
		{26F907DF-78D7-4CC1-A957-E0AD7A686C04}.Debug|x86.Build.0 = Debug|Any CPU
		{26F907DF-78D7-4CC1-A957-E0AD7A686C04}.Release|Any CPU.ActiveCfg = Release|Any CPU
		{26F907DF-78D7-4CC1-A957-E0AD7A686C04}.Release|Any CPU.Build.0 = Release|Any CPU
		{26F907DF-78D7-4CC1-A957-E0AD7A686C04}.Release|x64.ActiveCfg = Release|Any CPU
		{26F907DF-78D7-4CC1-A957-E0AD7A686C04}.Release|x64.Build.0 = Release|Any CPU
		{26F907DF-78D7-4CC1-A957-E0AD7A686C04}.Release|x86.ActiveCfg = Release|Any CPU
		{26F907DF-78D7-4CC1-A957-E0AD7A686C04}.Release|x86.Build.0 = Release|Any CPU
		{E6BC622A-F1A7-4325-974C-872AD9F8E979}.Debug|Any CPU.ActiveCfg = Debug|Any CPU
		{E6BC622A-F1A7-4325-974C-872AD9F8E979}.Debug|Any CPU.Build.0 = Debug|Any CPU
		{E6BC622A-F1A7-4325-974C-872AD9F8E979}.Debug|x64.ActiveCfg = Debug|Any CPU
		{E6BC622A-F1A7-4325-974C-872AD9F8E979}.Debug|x64.Build.0 = Debug|Any CPU
		{E6BC622A-F1A7-4325-974C-872AD9F8E979}.Debug|x86.ActiveCfg = Debug|Any CPU
		{E6BC622A-F1A7-4325-974C-872AD9F8E979}.Debug|x86.Build.0 = Debug|Any CPU
		{E6BC622A-F1A7-4325-974C-872AD9F8E979}.Release|Any CPU.ActiveCfg = Release|Any CPU
		{E6BC622A-F1A7-4325-974C-872AD9F8E979}.Release|Any CPU.Build.0 = Release|Any CPU
		{E6BC622A-F1A7-4325-974C-872AD9F8E979}.Release|x64.ActiveCfg = Release|Any CPU
		{E6BC622A-F1A7-4325-974C-872AD9F8E979}.Release|x64.Build.0 = Release|Any CPU
		{E6BC622A-F1A7-4325-974C-872AD9F8E979}.Release|x86.ActiveCfg = Release|Any CPU
		{E6BC622A-F1A7-4325-974C-872AD9F8E979}.Release|x86.Build.0 = Release|Any CPU
		{2B358455-ECFD-4162-9D88-C1FB2B612565}.Debug|Any CPU.ActiveCfg = Debug|Any CPU
		{2B358455-ECFD-4162-9D88-C1FB2B612565}.Debug|Any CPU.Build.0 = Debug|Any CPU
		{2B358455-ECFD-4162-9D88-C1FB2B612565}.Debug|x64.ActiveCfg = Debug|Any CPU
		{2B358455-ECFD-4162-9D88-C1FB2B612565}.Debug|x64.Build.0 = Debug|Any CPU
		{2B358455-ECFD-4162-9D88-C1FB2B612565}.Debug|x86.ActiveCfg = Debug|Any CPU
		{2B358455-ECFD-4162-9D88-C1FB2B612565}.Debug|x86.Build.0 = Debug|Any CPU
		{2B358455-ECFD-4162-9D88-C1FB2B612565}.Release|Any CPU.ActiveCfg = Release|Any CPU
		{2B358455-ECFD-4162-9D88-C1FB2B612565}.Release|Any CPU.Build.0 = Release|Any CPU
		{2B358455-ECFD-4162-9D88-C1FB2B612565}.Release|x64.ActiveCfg = Release|Any CPU
		{2B358455-ECFD-4162-9D88-C1FB2B612565}.Release|x64.Build.0 = Release|Any CPU
		{2B358455-ECFD-4162-9D88-C1FB2B612565}.Release|x86.ActiveCfg = Release|Any CPU
		{2B358455-ECFD-4162-9D88-C1FB2B612565}.Release|x86.Build.0 = Release|Any CPU
		{EB6D524F-6C67-4FE5-80F8-6C47B6D221C1}.Debug|Any CPU.ActiveCfg = Debug|Any CPU
		{EB6D524F-6C67-4FE5-80F8-6C47B6D221C1}.Debug|Any CPU.Build.0 = Debug|Any CPU
		{EB6D524F-6C67-4FE5-80F8-6C47B6D221C1}.Debug|x64.ActiveCfg = Debug|Any CPU
		{EB6D524F-6C67-4FE5-80F8-6C47B6D221C1}.Debug|x64.Build.0 = Debug|Any CPU
		{EB6D524F-6C67-4FE5-80F8-6C47B6D221C1}.Debug|x86.ActiveCfg = Debug|Any CPU
		{EB6D524F-6C67-4FE5-80F8-6C47B6D221C1}.Debug|x86.Build.0 = Debug|Any CPU
		{EB6D524F-6C67-4FE5-80F8-6C47B6D221C1}.Release|Any CPU.ActiveCfg = Release|Any CPU
		{EB6D524F-6C67-4FE5-80F8-6C47B6D221C1}.Release|Any CPU.Build.0 = Release|Any CPU
		{EB6D524F-6C67-4FE5-80F8-6C47B6D221C1}.Release|x64.ActiveCfg = Release|Any CPU
		{EB6D524F-6C67-4FE5-80F8-6C47B6D221C1}.Release|x64.Build.0 = Release|Any CPU
		{EB6D524F-6C67-4FE5-80F8-6C47B6D221C1}.Release|x86.ActiveCfg = Release|Any CPU
		{EB6D524F-6C67-4FE5-80F8-6C47B6D221C1}.Release|x86.Build.0 = Release|Any CPU
		{710BAA25-041A-43A5-87B9-43457B58A8E3}.Debug|Any CPU.ActiveCfg = Debug|Any CPU
		{710BAA25-041A-43A5-87B9-43457B58A8E3}.Debug|Any CPU.Build.0 = Debug|Any CPU
		{710BAA25-041A-43A5-87B9-43457B58A8E3}.Debug|x64.ActiveCfg = Debug|Any CPU
		{710BAA25-041A-43A5-87B9-43457B58A8E3}.Debug|x64.Build.0 = Debug|Any CPU
		{710BAA25-041A-43A5-87B9-43457B58A8E3}.Debug|x86.ActiveCfg = Debug|Any CPU
		{710BAA25-041A-43A5-87B9-43457B58A8E3}.Debug|x86.Build.0 = Debug|Any CPU
		{710BAA25-041A-43A5-87B9-43457B58A8E3}.Release|Any CPU.ActiveCfg = Release|Any CPU
		{710BAA25-041A-43A5-87B9-43457B58A8E3}.Release|Any CPU.Build.0 = Release|Any CPU
		{710BAA25-041A-43A5-87B9-43457B58A8E3}.Release|x64.ActiveCfg = Release|Any CPU
		{710BAA25-041A-43A5-87B9-43457B58A8E3}.Release|x64.Build.0 = Release|Any CPU
		{710BAA25-041A-43A5-87B9-43457B58A8E3}.Release|x86.ActiveCfg = Release|Any CPU
		{710BAA25-041A-43A5-87B9-43457B58A8E3}.Release|x86.Build.0 = Release|Any CPU
		{12E3CAA0-A212-4386-BBF0-C09A3B972524}.Debug|Any CPU.ActiveCfg = Debug|Any CPU
		{12E3CAA0-A212-4386-BBF0-C09A3B972524}.Debug|Any CPU.Build.0 = Debug|Any CPU
		{12E3CAA0-A212-4386-BBF0-C09A3B972524}.Debug|x64.ActiveCfg = Debug|Any CPU
		{12E3CAA0-A212-4386-BBF0-C09A3B972524}.Debug|x64.Build.0 = Debug|Any CPU
		{12E3CAA0-A212-4386-BBF0-C09A3B972524}.Debug|x86.ActiveCfg = Debug|Any CPU
		{12E3CAA0-A212-4386-BBF0-C09A3B972524}.Debug|x86.Build.0 = Debug|Any CPU
		{12E3CAA0-A212-4386-BBF0-C09A3B972524}.Release|Any CPU.ActiveCfg = Release|Any CPU
		{12E3CAA0-A212-4386-BBF0-C09A3B972524}.Release|Any CPU.Build.0 = Release|Any CPU
		{12E3CAA0-A212-4386-BBF0-C09A3B972524}.Release|x64.ActiveCfg = Release|Any CPU
		{12E3CAA0-A212-4386-BBF0-C09A3B972524}.Release|x64.Build.0 = Release|Any CPU
		{12E3CAA0-A212-4386-BBF0-C09A3B972524}.Release|x86.ActiveCfg = Release|Any CPU
		{12E3CAA0-A212-4386-BBF0-C09A3B972524}.Release|x86.Build.0 = Release|Any CPU
	EndGlobalSection
	GlobalSection(SolutionProperties) = preSolution
		HideSolutionNode = FALSE
	EndGlobalSection
	GlobalSection(NestedProjects) = preSolution
		{F27F7124-B389-47EC-B2FD-02AB45D8E55A} = {D2A3A8C0-DAB8-11EA-A010-F5AA418F3650}
		{20565F0D-0F0E-4D59-89F7-B1C13BDAD788} = {D2A3A8C0-DAB8-11EA-A010-F5AA418F3650}
		{077E2250-C0B0-48F5-8000-F9C5B32DF3FB} = {0F1DCD59-4464-47AF-84EA-9019B72900EC}
		{6B5FD553-2AB5-4CA0-BC7C-9E5FBBAE1085} = {F27F7124-B389-47EC-B2FD-02AB45D8E55A}
		{300B92D3-9259-4B22-9EF6-ED66E602070F} = {ECEBFFCC-2B39-49D3-A9EB-A5691A3D19A3}
		{ECEBFFCC-2B39-49D3-A9EB-A5691A3D19A3} = {D2A3A8C0-DAB8-11EA-A010-F5AA418F3650}
		{0CC47E0C-AB90-4029-B4E6-80AF72719924} = {D2A3A8C0-DAB8-11EA-A010-F5AA418F3650}
		{26F907DF-78D7-4CC1-A957-E0AD7A686C04} = {0CC47E0C-AB90-4029-B4E6-80AF72719924}
		{E6BC622A-F1A7-4325-974C-872AD9F8E979} = {20565F0D-0F0E-4D59-89F7-B1C13BDAD788}
		{2B358455-ECFD-4162-9D88-C1FB2B612565} = {F27F7124-B389-47EC-B2FD-02AB45D8E55A}
		{EB6D524F-6C67-4FE5-80F8-6C47B6D221C1} = {0F1DCD59-4464-47AF-84EA-9019B72900EC}
		{710BAA25-041A-43A5-87B9-43457B58A8E3} = {0F1DCD59-4464-47AF-84EA-9019B72900EC}
		{12E3CAA0-A212-4386-BBF0-C09A3B972524} = {F27F7124-B389-47EC-B2FD-02AB45D8E55A}
	EndGlobalSection
	GlobalSection(ExtensibilityGlobals) = postSolution
		SolutionGuid = {1795C6F5-E710-4213-8363-CDDDDA908AF7}
	EndGlobalSection
EndGlobal
